
Microsoft Visual Studio Solution File, Format Version 12.00
# Visual Studio Version 17
VisualStudioVersion = 17.8.34322.80
MinimumVisualStudioVersion = 10.0.40219.1
Project("{FAE04EC0-301F-11D3-BF4B-00C04F79EFBC}") = "WindowsFormsAppLogin", "WindowsFormsAppLogin\WindowsFormsAppLogin.csproj", "{04FBC4BE-FA6A-4D4F-9718-63CDA39AC257}"
EndProject
Global
	GlobalSection(SolutionConfigurationPlatforms) = preSolution
		Debug|Any CPU = Debug|Any CPU
		Release|Any CPU = Release|Any CPU
	EndGlobalSection
	GlobalSection(ProjectConfigurationPlatforms) = postSolution
		{04FBC4BE-FA6A-4D4F-9718-63CDA39AC257}.Debug|Any CPU.ActiveCfg = Debug|Any CPU
		{04FBC4BE-FA6A-4D4F-9718-63CDA39AC257}.Debug|Any CPU.Build.0 = Debug|Any CPU
		{04FBC4BE-FA6A-4D4F-9718-63CDA39AC257}.Release|Any CPU.ActiveCfg = Release|Any CPU
		{04FBC4BE-FA6A-4D4F-9718-63CDA39AC257}.Release|Any CPU.Build.0 = Release|Any CPU
	EndGlobalSection
	GlobalSection(SolutionProperties) = preSolution
		HideSolutionNode = FALSE
	EndGlobalSection
	GlobalSection(ExtensibilityGlobals) = postSolution
		SolutionGuid = {3C0B8E22-D0D4-42F1-AFB0-E1FC83019E45}
	EndGlobalSection
EndGlobal
